
Microsoft Visual Studio Solution File, Format Version 12.00
# Visual Studio Version 17
VisualStudioVersion = 17.5.33627.172
MinimumVisualStudioVersion = 10.0.40219.1
Project("{9A19103F-16F7-4668-BE54-9A1E7A4F7556}") = "EscolaPequenosGenios.Mvc", "EscolaPequenosGenios.Mvc\EscolaPequenosGenios.Mvc.csproj", "{2A5DB8B6-304B-4819-890B-22001D395DD7}"
EndProject
Project("{9A19103F-16F7-4668-BE54-9A1E7A4F7556}") = "EscolaPequenosGenios.Domain", "EscolaPequenosGenios.Domain\EscolaPequenosGenios.Domain.csproj", "{AFD5A946-68E1-4588-A04C-23811AFF7A88}"
EndProject
Project("{9A19103F-16F7-4668-BE54-9A1E7A4F7556}") = "EscolaPequenosGenios.Application", "EscolaPequenosGenios.Application\EscolaPequenosGenios.Application.csproj", "{C132D66D-0C6C-4470-A1F7-388F58DF8486}"
EndProject
Project("{9A19103F-16F7-4668-BE54-9A1E7A4F7556}") = "EscolaPequenosGenios.Infrastructure", "EscolaPequenosGenios.Repository\EscolaPequenosGenios.Infrastructure.csproj", "{F5A3AE98-7089-4BA9-80C7-75532ECC039A}"
EndProject
Project("{9A19103F-16F7-4668-BE54-9A1E7A4F7556}") = "EscolaPequenosGenios.IoC", "EscolaPequenosGenios.Ioc\EscolaPequenosGenios.IoC.csproj", "{9893CCDF-5A09-4486-A4D3-0A93991D84B3}"
EndProject
Global
	GlobalSection(SolutionConfigurationPlatforms) = preSolution
		Debug|Any CPU = Debug|Any CPU
		Release|Any CPU = Release|Any CPU
	EndGlobalSection
	GlobalSection(ProjectConfigurationPlatforms) = postSolution
		{2A5DB8B6-304B-4819-890B-22001D395DD7}.Debug|Any CPU.ActiveCfg = Debug|Any CPU
		{2A5DB8B6-304B-4819-890B-22001D395DD7}.Debug|Any CPU.Build.0 = Debug|Any CPU
		{2A5DB8B6-304B-4819-890B-22001D395DD7}.Release|Any CPU.ActiveCfg = Release|Any CPU
		{2A5DB8B6-304B-4819-890B-22001D395DD7}.Release|Any CPU.Build.0 = Release|Any CPU
		{AFD5A946-68E1-4588-A04C-23811AFF7A88}.Debug|Any CPU.ActiveCfg = Debug|Any CPU
		{AFD5A946-68E1-4588-A04C-23811AFF7A88}.Debug|Any CPU.Build.0 = Debug|Any CPU
		{AFD5A946-68E1-4588-A04C-23811AFF7A88}.Release|Any CPU.ActiveCfg = Release|Any CPU
		{AFD5A946-68E1-4588-A04C-23811AFF7A88}.Release|Any CPU.Build.0 = Release|Any CPU
		{C132D66D-0C6C-4470-A1F7-388F58DF8486}.Debug|Any CPU.ActiveCfg = Debug|Any CPU
		{C132D66D-0C6C-4470-A1F7-388F58DF8486}.Debug|Any CPU.Build.0 = Debug|Any CPU
		{C132D66D-0C6C-4470-A1F7-388F58DF8486}.Release|Any CPU.ActiveCfg = Release|Any CPU
		{C132D66D-0C6C-4470-A1F7-388F58DF8486}.Release|Any CPU.Build.0 = Release|Any CPU
		{F5A3AE98-7089-4BA9-80C7-75532ECC039A}.Debug|Any CPU.ActiveCfg = Debug|Any CPU
		{F5A3AE98-7089-4BA9-80C7-75532ECC039A}.Debug|Any CPU.Build.0 = Debug|Any CPU
		{F5A3AE98-7089-4BA9-80C7-75532ECC039A}.Release|Any CPU.ActiveCfg = Release|Any CPU
		{F5A3AE98-7089-4BA9-80C7-75532ECC039A}.Release|Any CPU.Build.0 = Release|Any CPU
		{9893CCDF-5A09-4486-A4D3-0A93991D84B3}.Debug|Any CPU.ActiveCfg = Debug|Any CPU
		{9893CCDF-5A09-4486-A4D3-0A93991D84B3}.Debug|Any CPU.Build.0 = Debug|Any CPU
		{9893CCDF-5A09-4486-A4D3-0A93991D84B3}.Release|Any CPU.ActiveCfg = Release|Any CPU
		{9893CCDF-5A09-4486-A4D3-0A93991D84B3}.Release|Any CPU.Build.0 = Release|Any CPU
	EndGlobalSection
	GlobalSection(SolutionProperties) = preSolution
		HideSolutionNode = FALSE
	EndGlobalSection
	GlobalSection(ExtensibilityGlobals) = postSolution
		SolutionGuid = {CAB52C47-2B16-43EE-960D-FDC3AEE11B24}
	EndGlobalSection
EndGlobal
